{
  "object": {
    "pins": [
      {
        "package": "big-num",
        "repositoryURL": "https://github.com/adam-fowler/big-num",
        "state": {
          "branch": null,
          "revision": "9059dcab8dd001b8143bc512b4477d079e97957f",
          "version": "2.0.3"
        }
      },
      {
        "package": "CryptoSwift",
        "repositoryURL": "https://github.com/krzyzanowskim/CryptoSwift",
        "state": {
          "branch": null,
          "revision": "f2a627b84c1ff96f21ac2fcb623ab36142dd5512",
          "version": "1.10.0"
        }
      },
      {
        "package": "OpenSSL",
        "repositoryURL": "https://github.com/krzyzanowskim/OpenSSL",
        "state": {
          "branch": null,
          "revision": "e7d34385da795aaaeb2212e38c7401e5c333f792",
          "version": "3.6.1"
        }
      },
      {
        "package": "swift-asn1",
        "repositoryURL": "https://github.com/apple/swift-asn1.git",
        "state": {
          "branch": null,
          "revision": "eb50cbd14606a9161cbc5d452f18797c90ef0bab",
          "version": "1.7.0"
        }
      },
      {
        "package": "swift-certificates",
        "repositoryURL": "https://github.com/apple/swift-certificates.git",
        "state": {
          "branch": null,
          "revision": "5aa1c0d1bc204908df47c2075bdbb39573d05e8d",
          "version": "1.19.0"
        }
      },
      {
        "package": "swift-crypto",
        "repositoryURL": "https://github.com/apple/swift-crypto",
        "state": {
          "branch": null,
          "revision": "476538ccb827f2dd18efc5de754cc87d77127a47",
          "version": "4.4.0"
        }
      },
      {
        "package": "swift-srp",
        "repositoryURL": "https://github.com/adam-fowler/swift-srp.git",
        "state": {
          "branch": null,
          "revision": "ce202c48f8ca68f44b71732f945eb8221d6fe135",
          "version": null
        }
      },
      {
        "package": "Zsign",
        "repositoryURL": "https://github.com/CLARATION/Zsign-Package",
        "state": {
          "branch": "package",
          "revision": "7800691e2e65c123987cbb0b0b56de9f2cdc4576",
          "version": null
        }
      }
    ]
  },
  "version": 1
}
