{
  "object": {
    "pins": [
      {
        "package": "big-num",
        "repositoryURL": "https://github.com/adam-fowler/big-num",
        "state": {
          "branch": null,
          "revision": "5c5511ad06aeb2b97d0868f7394e14a624bfb1c7",
          "version": "2.0.2"
        }
      },
      {
        "package": "OpenSSL",
        "repositoryURL": "https://github.com/krzyzanowskim/OpenSSL",
        "state": {
          "branch": null,
          "revision": "e7d34385da795aaaeb2212e38c7401e5c333f792",
          "version": "3.6.1"
        }
      },
      {
        "package": "swift-asn1",
        "repositoryURL": "https://github.com/apple/swift-asn1.git",
        "state": {
          "branch": null,
          "revision": "a53d9f676cbc84ccc1643cf559a470ee5732ebb6",
          "version": "0.8.0"
        }
      },
      {
        "package": "swift-certificates",
        "repositoryURL": "https://github.com/apple/swift-certificates.git",
        "state": {
          "branch": null,
          "revision": "9099e78aad1693ce5a2e5b108d8e1337fbff433b",
          "version": "0.6.0"
        }
      },
      {
        "package": "swift-crypto",
        "repositoryURL": "https://github.com/apple/swift-crypto.git",
        "state": {
          "branch": null,
          "revision": "60f13f60c4d093691934dc6cfdf5f508ada1f894",
          "version": "2.6.0"
        }
      },
      {
        "package": "swift-srp",
        "repositoryURL": "https://github.com/adam-fowler/swift-srp.git",
        "state": {
          "branch": null,
          "revision": "ce202c48f8ca68f44b71732f945eb8221d6fe135",
          "version": null
        }
      },
      {
        "package": "Zip",
        "repositoryURL": "https://github.com/marmelroy/Zip.git",
        "state": {
          "branch": "master",
          "revision": "bca30f6d6c7d37cbc4aa8f6b0002e281dcc36195",
          "version": null
        }
      },
      {
        "package": "Zsign",
        "repositoryURL": "https://github.com/khcrysalis/Zsign-Package",
        "state": {
          "branch": "package",
          "revision": "6ffe703df73ef9069adacdbb19d571f11a69a801",
          "version": null
        }
      }
    ]
  },
  "version": 1
}
