{
  "object": {
    "pins": [
      {
        "package": "big-num",
        "repositoryURL": "https://github.com/adam-fowler/big-num",
        "state": {
          "branch": null,
          "revision": "5c5511ad06aeb2b97d0868f7394e14a624bfb1c7",
          "version": "2.0.2"
        }
      },
      {
        "package": "OpenSSL",
        "repositoryURL": "https://github.com/krzyzanowskim/OpenSSL",
        "state": {
          "branch": null,
          "revision": "e7d34385da795aaaeb2212e38c7401e5c333f792",
          "version": "3.6.1"
        }
      },
      {
        "package": "swift-asn1",
        "repositoryURL": "https://github.com/apple/swift-asn1.git",
        "state": {
          "branch": null,
          "revision": "810496cf121e525d660cd0ea89a758740476b85f",
          "version": "1.5.1"
        }
      },
      {
        "package": "swift-crypto",
        "repositoryURL": "https://github.com/apple/swift-crypto.git",
        "state": {
          "branch": null,
          "revision": "6f70fa9eab24c1fd982af18c281c4525d05e3095",
          "version": "4.2.0"
        }
      },
      {
        "package": "swift-srp",
        "repositoryURL": "https://github.com/adam-fowler/swift-srp.git",
        "state": {
          "branch": null,
          "revision": "ce202c48f8ca68f44b71732f945eb8221d6fe135",
          "version": null
        }
      },
      {
        "package": "Zip",
        "repositoryURL": "https://github.com/marmelroy/Zip.git",
        "state": {
          "branch": "master",
          "revision": "bca30f6d6c7d37cbc4aa8f6b0002e281dcc36195",
          "version": null
        }
      },
      {
        "package": "Zsign",
        "repositoryURL": "https://github.com/khcrysalis/Zsign-Package",
        "state": {
          "branch": "package",
          "revision": "6ffe703df73ef9069adacdbb19d571f11a69a801",
          "version": null
        }
      }
    ]
  },
  "version": 1
}
